// !$*UTF8*$!
{
	archiveVersion = 1;
	classes = {
	};
	objectVersion = 46;
	objects = {

/* Begin PBXBuildFile section */
		3739139218F9B44700899025 /* Delete.png in Resources */ = {isa = PBXBuildFile; fileRef = 3739139018F9B44700899025 /* Delete.png */; };
		3739139318F9B44700899025 /* Check.png in Resources */ = {isa = PBXBuildFile; fileRef = 3739139118F9B44700899025 /* Check.png */; };
		3739139818F9B78600899025 /* NiceButton.m in Sources */ = {isa = PBXBuildFile; fileRef = 3739139718F9B78600899025 /* NiceButton.m */; };
		374ED44318EFF8C900D3FE6B /* Foundation.framework in Frameworks */ = {isa = PBXBuildFile; fileRef = 374ED44218EFF8C900D3FE6B /* Foundation.framework */; };
		374ED44518EFF8C900D3FE6B /* CoreGraphics.framework in Frameworks */ = {isa = PBXBuildFile; fileRef = 374ED44418EFF8C900D3FE6B /* CoreGraphics.framework */; };
		374ED44718EFF8C900D3FE6B /* UIKit.framework in Frameworks */ = {isa = PBXBuildFile; fileRef = 374ED44618EFF8C900D3FE6B /* UIKit.framework */; };
		374ED44D18EFF8C900D3FE6B /* InfoPlist.strings in Resources */ = {isa = PBXBuildFile; fileRef = 374ED44B18EFF8C900D3FE6B /* InfoPlist.strings */; };
		374ED44F18EFF8C900D3FE6B /* main.m in Sources */ = {isa = PBXBuildFile; fileRef = 374ED44E18EFF8C900D3FE6B /* main.m */; };
		374ED45318EFF8C900D3FE6B /* AppDelegate.m in Sources */ = {isa = PBXBuildFile; fileRef = 374ED45218EFF8C900D3FE6B /* AppDelegate.m */; };
		374ED45518EFF8C900D3FE6B /* Images.xcassets in Resources */ = {isa = PBXBuildFile; fileRef = 374ED45418EFF8C900D3FE6B /* Images.xcassets */; };
		374ED45C18EFF8C900D3FE6B /* XCTest.framework in Frameworks */ = {isa = PBXBuildFile; fileRef = 374ED45B18EFF8C900D3FE6B /* XCTest.framework */; };
		374ED45D18EFF8C900D3FE6B /* Foundation.framework in Frameworks */ = {isa = PBXBuildFile; fileRef = 374ED44218EFF8C900D3FE6B /* Foundation.framework */; };
		374ED45E18EFF8C900D3FE6B /* UIKit.framework in Frameworks */ = {isa = PBXBuildFile; fileRef = 374ED44618EFF8C900D3FE6B /* UIKit.framework */; };
		374ED46618EFF8C900D3FE6B /* InfoPlist.strings in Resources */ = {isa = PBXBuildFile; fileRef = 374ED46418EFF8C900D3FE6B /* InfoPlist.strings */; };
		374ED46818EFF8C900D3FE6B /* TerrificMathTests.m in Sources */ = {isa = PBXBuildFile; fileRef = 374ED46718EFF8C900D3FE6B /* TerrificMathTests.m */; };
		374ED47918EFFD6400D3FE6B /* MenuViewController.m in Sources */ = {isa = PBXBuildFile; fileRef = 374ED47718EFFD6400D3FE6B /* MenuViewController.m */; };
		374ED47A18EFFD6400D3FE6B /* MenuViewController.xib in Resources */ = {isa = PBXBuildFile; fileRef = 374ED47818EFFD6400D3FE6B /* MenuViewController.xib */; };
		374ED47E18F002E300D3FE6B /* PlayViewController.m in Sources */ = {isa = PBXBuildFile; fileRef = 374ED47C18F002E300D3FE6B /* PlayViewController.m */; };
		374ED47F18F002E300D3FE6B /* PlayViewController.xib in Resources */ = {isa = PBXBuildFile; fileRef = 374ED47D18F002E300D3FE6B /* PlayViewController.xib */; };
		37C128731901229600A9E682 /* share clicked.png in Resources */ = {isa = PBXBuildFile; fileRef = 37C128721901229600A9E682 /* share clicked.png */; };
		37C12875190122A700A9E682 /* share normal.png in Resources */ = {isa = PBXBuildFile; fileRef = 37C12874190122A700A9E682 /* share normal.png */; };
		37C1287719012E9200A9E682 /* bg gameover.png in Resources */ = {isa = PBXBuildFile; fileRef = 37C1287619012E9100A9E682 /* bg gameover.png */; };
		37C128791902D91600A9E682 /* gameoverview.png in Resources */ = {isa = PBXBuildFile; fileRef = 37C128781902D91500A9E682 /* gameoverview.png */; };
		37C1EC7218FC2107007428B8 /* right normal.png in Resources */ = {isa = PBXBuildFile; fileRef = 37C1EC7118FC2107007428B8 /* right normal.png */; };
		37C1EC7418FC270A007428B8 /* right clicked.png in Resources */ = {isa = PBXBuildFile; fileRef = 37C1EC7318FC270A007428B8 /* right clicked.png */; };
		37C1EC7718FC2711007428B8 /* wrong clicked.png in Resources */ = {isa = PBXBuildFile; fileRef = 37C1EC7518FC2711007428B8 /* wrong clicked.png */; };
		37C1EC7818FC2711007428B8 /* wrong normal.png in Resources */ = {isa = PBXBuildFile; fileRef = 37C1EC7618FC2711007428B8 /* wrong normal.png */; };
		37C1EC7A18FC305B007428B8 /* play normal.png in Resources */ = {isa = PBXBuildFile; fileRef = 37C1EC7918FC305B007428B8 /* play normal.png */; };
		37C1EC7C18FC35D1007428B8 /* rate normal.png in Resources */ = {isa = PBXBuildFile; fileRef = 37C1EC7B18FC35D1007428B8 /* rate normal.png */; };
		37C1EC7E18FC378E007428B8 /* rank normal.png in Resources */ = {isa = PBXBuildFile; fileRef = 37C1EC7D18FC378E007428B8 /* rank normal.png */; };
		37C1EC8018FC38BC007428B8 /* play clicked.png in Resources */ = {isa = PBXBuildFile; fileRef = 37C1EC7F18FC38BC007428B8 /* play clicked.png */; };
		37C1EC8218FC39CB007428B8 /* rate clicked.png in Resources */ = {isa = PBXBuildFile; fileRef = 37C1EC8118FC39CB007428B8 /* rate clicked.png */; };
		37C1EC8418FC3AA8007428B8 /* rank clicked.png in Resources */ = {isa = PBXBuildFile; fileRef = 37C1EC8318FC3AA8007428B8 /* rank clicked.png */; };
		37C1EC8618FC3CE1007428B8 /* menu normal.png in Resources */ = {isa = PBXBuildFile; fileRef = 37C1EC8518FC3CE1007428B8 /* menu normal.png */; };
		37C1EC8818FC3F09007428B8 /* menu clicked.png in Resources */ = {isa = PBXBuildFile; fileRef = 37C1EC8718FC3F09007428B8 /* menu clicked.png */; };
		37C567F2190407440016C8FC /* iAd.framework in Frameworks */ = {isa = PBXBuildFile; fileRef = 37C567F1190407440016C8FC /* iAd.framework */; };
		A436AA081904B79200A8389C /* 2newlogo.png in Resources */ = {isa = PBXBuildFile; fileRef = A436AA011904B79200A8389C /* 2newlogo.png */; };
		A436AA091904B79200A8389C /* 2newlogo29.png in Resources */ = {isa = PBXBuildFile; fileRef = A436AA021904B79200A8389C /* 2newlogo29.png */; };
		A436AA0A1904B79200A8389C /* 2newlogo57.png in Resources */ = {isa = PBXBuildFile; fileRef = A436AA031904B79200A8389C /* 2newlogo57.png */; };
		A436AA0B1904B79200A8389C /* 2newlogo58.png in Resources */ = {isa = PBXBuildFile; fileRef = A436AA041904B79200A8389C /* 2newlogo58.png */; };
		A436AA0C1904B79200A8389C /* 2newlogo80.png in Resources */ = {isa = PBXBuildFile; fileRef = A436AA051904B79200A8389C /* 2newlogo80.png */; };
		A436AA0D1904B79200A8389C /* 2newlogo114.png in Resources */ = {isa = PBXBuildFile; fileRef = A436AA061904B79200A8389C /* 2newlogo114.png */; };
		A436AA0E1904B79200A8389C /* 2newlogo120.png in Resources */ = {isa = PBXBuildFile; fileRef = A436AA071904B79200A8389C /* 2newlogo120.png */; };
		A4A6557418F156DD00F1C968 /* ApActivityData.m in Sources */ = {isa = PBXBuildFile; fileRef = A4A6556D18F156DD00F1C968 /* ApActivityData.m */; };
		A4A6557618F156DD00F1C968 /* FacebookActivity.m in Sources */ = {isa = PBXBuildFile; fileRef = A4A6557318F156DD00F1C968 /* FacebookActivity.m */; };
		A4A6557818F156F700F1C968 /* Social.framework in Frameworks */ = {isa = PBXBuildFile; fileRef = A4A6557718F156F700F1C968 /* Social.framework */; };
		A4A6557A18F1575C00F1C968 /* FacebookSDK.framework in Frameworks */ = {isa = PBXBuildFile; fileRef = A4A6557918F1575C00F1C968 /* FacebookSDK.framework */; };
		A4A6558418F15FC300F1C968 /* GameKitHelper.m in Sources */ = {isa = PBXBuildFile; fileRef = A4A6558318F15FC300F1C968 /* GameKitHelper.m */; };
		A4A6558718F1634800F1C968 /* GameKit.framework in Frameworks */ = {isa = PBXBuildFile; fileRef = A4A6558618F1634800F1C968 /* GameKit.framework */; };
/* End PBXBuildFile section */

/* Begin PBXContainerItemProxy section */
		374ED45F18EFF8C900D3FE6B /* PBXContainerItemProxy */ = {
			isa = PBXContainerItemProxy;
			containerPortal = 374ED43718EFF8C900D3FE6B /* Project object */;
			proxyType = 1;
			remoteGlobalIDString = 374ED43E18EFF8C900D3FE6B;
			remoteInfo = TerrificMath;
		};
/* End PBXContainerItemProxy section */

/* Begin PBXFileReference section */
		3739139018F9B44700899025 /* Delete.png */ = {isa = PBXFileReference; lastKnownFileType = image.png; path = Delete.png; sourceTree = "<group>"; };
		3739139118F9B44700899025 /* Check.png */ = {isa = PBXFileReference; lastKnownFileType = image.png; path = Check.png; sourceTree = "<group>"; };
		3739139618F9B78600899025 /* NiceButton.h */ = {isa = PBXFileReference; fileEncoding = 4; lastKnownFileType = sourcecode.c.h; path = NiceButton.h; sourceTree = "<group>"; };
		3739139718F9B78600899025 /* NiceButton.m */ = {isa = PBXFileReference; fileEncoding = 4; lastKnownFileType = sourcecode.c.objc; path = NiceButton.m; sourceTree = "<group>"; };
		374ED43F18EFF8C900D3FE6B /* One Second.app */ = {isa = PBXFileReference; explicitFileType = wrapper.application; includeInIndex = 0; path = "One Second.app"; sourceTree = BUILT_PRODUCTS_DIR; };
		374ED44218EFF8C900D3FE6B /* Foundation.framework */ = {isa = PBXFileReference; lastKnownFileType = wrapper.framework; name = Foundation.framework; path = System/Library/Frameworks/Foundation.framework; sourceTree = SDKROOT; };
		374ED44418EFF8C900D3FE6B /* CoreGraphics.framework */ = {isa = PBXFileReference; lastKnownFileType = wrapper.framework; name = CoreGraphics.framework; path = System/Library/Frameworks/CoreGraphics.framework; sourceTree = SDKROOT; };
		374ED44618EFF8C900D3FE6B /* UIKit.framework */ = {isa = PBXFileReference; lastKnownFileType = wrapper.framework; name = UIKit.framework; path = System/Library/Frameworks/UIKit.framework; sourceTree = SDKROOT; };
		374ED44A18EFF8C900D3FE6B /* One Second-Info.plist */ = {isa = PBXFileReference; lastKnownFileType = text.plist.xml; path = "One Second-Info.plist"; sourceTree = "<group>"; };
		374ED44C18EFF8C900D3FE6B /* en */ = {isa = PBXFileReference; lastKnownFileType = text.plist.strings; name = en; path = en.lproj/InfoPlist.strings; sourceTree = "<group>"; };
		374ED44E18EFF8C900D3FE6B /* main.m */ = {isa = PBXFileReference; lastKnownFileType = sourcecode.c.objc; path = main.m; sourceTree = "<group>"; };
		374ED45018EFF8C900D3FE6B /* TerrificMath-Prefix.pch */ = {isa = PBXFileReference; lastKnownFileType = sourcecode.c.h; path = "TerrificMath-Prefix.pch"; sourceTree = "<group>"; };
		374ED45118EFF8C900D3FE6B /* AppDelegate.h */ = {isa = PBXFileReference; lastKnownFileType = sourcecode.c.h; path = AppDelegate.h; sourceTree = "<group>"; };
		374ED45218EFF8C900D3FE6B /* AppDelegate.m */ = {isa = PBXFileReference; lastKnownFileType = sourcecode.c.objc; path = AppDelegate.m; sourceTree = "<group>"; };
		374ED45418EFF8C900D3FE6B /* Images.xcassets */ = {isa = PBXFileReference; lastKnownFileType = folder.assetcatalog; path = Images.xcassets; sourceTree = "<group>"; };
		374ED45A18EFF8C900D3FE6B /* One SecondTests.xctest */ = {isa = PBXFileReference; explicitFileType = wrapper.cfbundle; includeInIndex = 0; path = "One SecondTests.xctest"; sourceTree = BUILT_PRODUCTS_DIR; };
		374ED45B18EFF8C900D3FE6B /* XCTest.framework */ = {isa = PBXFileReference; lastKnownFileType = wrapper.framework; name = XCTest.framework; path = Library/Frameworks/XCTest.framework; sourceTree = DEVELOPER_DIR; };
		374ED46318EFF8C900D3FE6B /* One SecondTests-Info.plist */ = {isa = PBXFileReference; lastKnownFileType = text.plist.xml; path = "One SecondTests-Info.plist"; sourceTree = "<group>"; };
		374ED46518EFF8C900D3FE6B /* en */ = {isa = PBXFileReference; lastKnownFileType = text.plist.strings; name = en; path = en.lproj/InfoPlist.strings; sourceTree = "<group>"; };
		374ED46718EFF8C900D3FE6B /* TerrificMathTests.m */ = {isa = PBXFileReference; lastKnownFileType = sourcecode.c.objc; path = TerrificMathTests.m; sourceTree = "<group>"; };
		374ED47618EFFD6400D3FE6B /* MenuViewController.h */ = {isa = PBXFileReference; fileEncoding = 4; lastKnownFileType = sourcecode.c.h; path = MenuViewController.h; sourceTree = "<group>"; };
		374ED47718EFFD6400D3FE6B /* MenuViewController.m */ = {isa = PBXFileReference; fileEncoding = 4; lastKnownFileType = sourcecode.c.objc; path = MenuViewController.m; sourceTree = "<group>"; };
		374ED47818EFFD6400D3FE6B /* MenuViewController.xib */ = {isa = PBXFileReference; fileEncoding = 4; lastKnownFileType = file.xib; path = MenuViewController.xib; sourceTree = "<group>"; };
		374ED47B18F002E300D3FE6B /* PlayViewController.h */ = {isa = PBXFileReference; fileEncoding = 4; lastKnownFileType = sourcecode.c.h; path = PlayViewController.h; sourceTree = "<group>"; };
		374ED47C18F002E300D3FE6B /* PlayViewController.m */ = {isa = PBXFileReference; fileEncoding = 4; lastKnownFileType = sourcecode.c.objc; path = PlayViewController.m; sourceTree = "<group>"; };
		374ED47D18F002E300D3FE6B /* PlayViewController.xib */ = {isa = PBXFileReference; fileEncoding = 4; lastKnownFileType = file.xib; path = PlayViewController.xib; sourceTree = "<group>"; };
		37C128721901229600A9E682 /* share clicked.png */ = {isa = PBXFileReference; lastKnownFileType = image.png; path = "share clicked.png"; sourceTree = "<group>"; };
		37C12874190122A700A9E682 /* share normal.png */ = {isa = PBXFileReference; lastKnownFileType = image.png; path = "share normal.png"; sourceTree = "<group>"; };
		37C1287619012E9100A9E682 /* bg gameover.png */ = {isa = PBXFileReference; lastKnownFileType = image.png; path = "bg gameover.png"; sourceTree = "<group>"; };
		37C128781902D91500A9E682 /* gameoverview.png */ = {isa = PBXFileReference; lastKnownFileType = image.png; path = gameoverview.png; sourceTree = "<group>"; };
		37C1EC7118FC2107007428B8 /* right normal.png */ = {isa = PBXFileReference; lastKnownFileType = image.png; path = "right normal.png"; sourceTree = "<group>"; };
		37C1EC7318FC270A007428B8 /* right clicked.png */ = {isa = PBXFileReference; lastKnownFileType = image.png; path = "right clicked.png"; sourceTree = "<group>"; };
		37C1EC7518FC2711007428B8 /* wrong clicked.png */ = {isa = PBXFileReference; lastKnownFileType = image.png; path = "wrong clicked.png"; sourceTree = "<group>"; };
		37C1EC7618FC2711007428B8 /* wrong normal.png */ = {isa = PBXFileReference; lastKnownFileType = image.png; path = "wrong normal.png"; sourceTree = "<group>"; };
		37C1EC7918FC305B007428B8 /* play normal.png */ = {isa = PBXFileReference; lastKnownFileType = image.png; path = "play normal.png"; sourceTree = "<group>"; };
		37C1EC7B18FC35D1007428B8 /* rate normal.png */ = {isa = PBXFileReference; lastKnownFileType = image.png; path = "rate normal.png"; sourceTree = "<group>"; };
		37C1EC7D18FC378E007428B8 /* rank normal.png */ = {isa = PBXFileReference; lastKnownFileType = image.png; path = "rank normal.png"; sourceTree = "<group>"; };
		37C1EC7F18FC38BC007428B8 /* play clicked.png */ = {isa = PBXFileReference; lastKnownFileType = image.png; path = "play clicked.png"; sourceTree = "<group>"; };
		37C1EC8118FC39CB007428B8 /* rate clicked.png */ = {isa = PBXFileReference; lastKnownFileType = image.png; path = "rate clicked.png"; sourceTree = "<group>"; };
		37C1EC8318FC3AA8007428B8 /* rank clicked.png */ = {isa = PBXFileReference; lastKnownFileType = image.png; path = "rank clicked.png"; sourceTree = "<group>"; };
		37C1EC8518FC3CE1007428B8 /* menu normal.png */ = {isa = PBXFileReference; lastKnownFileType = image.png; path = "menu normal.png"; sourceTree = "<group>"; };
		37C1EC8718FC3F09007428B8 /* menu clicked.png */ = {isa = PBXFileReference; lastKnownFileType = image.png; path = "menu clicked.png"; sourceTree = "<group>"; };
		37C567F1190407440016C8FC /* iAd.framework */ = {isa = PBXFileReference; lastKnownFileType = wrapper.framework; name = iAd.framework; path = System/Library/Frameworks/iAd.framework; sourceTree = SDKROOT; };
		A436AA011904B79200A8389C /* 2newlogo.png */ = {isa = PBXFileReference; lastKnownFileType = image.png; path = 2newlogo.png; sourceTree = "<group>"; };
		A436AA021904B79200A8389C /* 2newlogo29.png */ = {isa = PBXFileReference; lastKnownFileType = image.png; path = 2newlogo29.png; sourceTree = "<group>"; };
		A436AA031904B79200A8389C /* 2newlogo57.png */ = {isa = PBXFileReference; lastKnownFileType = image.png; path = 2newlogo57.png; sourceTree = "<group>"; };
		A436AA041904B79200A8389C /* 2newlogo58.png */ = {isa = PBXFileReference; lastKnownFileType = image.png; path = 2newlogo58.png; sourceTree = "<group>"; };
		A436AA051904B79200A8389C /* 2newlogo80.png */ = {isa = PBXFileReference; lastKnownFileType = image.png; path = 2newlogo80.png; sourceTree = "<group>"; };
		A436AA061904B79200A8389C /* 2newlogo114.png */ = {isa = PBXFileReference; lastKnownFileType = image.png; path = 2newlogo114.png; sourceTree = "<group>"; };
		A436AA071904B79200A8389C /* 2newlogo120.png */ = {isa = PBXFileReference; lastKnownFileType = image.png; path = 2newlogo120.png; sourceTree = "<group>"; };
		A4A6556C18F156DD00F1C968 /* ApActivityData.h */ = {isa = PBXFileReference; fileEncoding = 4; lastKnownFileType = sourcecode.c.h; path = ApActivityData.h; sourceTree = "<group>"; };
		A4A6556D18F156DD00F1C968 /* ApActivityData.m */ = {isa = PBXFileReference; fileEncoding = 4; lastKnownFileType = sourcecode.c.objc; path = ApActivityData.m; sourceTree = "<group>"; };
		A4A6556E18F156DD00F1C968 /* Common.h */ = {isa = PBXFileReference; fileEncoding = 4; lastKnownFileType = sourcecode.c.h; path = Common.h; sourceTree = "<group>"; };
		A4A6557218F156DD00F1C968 /* FacebookActivity.h */ = {isa = PBXFileReference; fileEncoding = 4; lastKnownFileType = sourcecode.c.h; path = FacebookActivity.h; sourceTree = "<group>"; };
		A4A6557318F156DD00F1C968 /* FacebookActivity.m */ = {isa = PBXFileReference; fileEncoding = 4; lastKnownFileType = sourcecode.c.objc; path = FacebookActivity.m; sourceTree = "<group>"; };
		A4A6557718F156F700F1C968 /* Social.framework */ = {isa = PBXFileReference; lastKnownFileType = wrapper.framework; name = Social.framework; path = System/Library/Frameworks/Social.framework; sourceTree = SDKROOT; };
		A4A6557918F1575C00F1C968 /* FacebookSDK.framework */ = {isa = PBXFileReference; lastKnownFileType = wrapper.framework; name = FacebookSDK.framework; path = TerrificMath/FacebookSDK.framework; sourceTree = "<group>"; };
		A4A6558218F15FC200F1C968 /* GameKitHelper.h */ = {isa = PBXFileReference; fileEncoding = 4; lastKnownFileType = sourcecode.c.h; path = GameKitHelper.h; sourceTree = "<group>"; };
		A4A6558318F15FC300F1C968 /* GameKitHelper.m */ = {isa = PBXFileReference; fileEncoding = 4; lastKnownFileType = sourcecode.c.objc; path = GameKitHelper.m; sourceTree = "<group>"; };
		A4A6558518F1633B00F1C968 /* TerrificMath.entitlements */ = {isa = PBXFileReference; lastKnownFileType = text.xml; path = TerrificMath.entitlements; sourceTree = "<group>"; };
		A4A6558618F1634800F1C968 /* GameKit.framework */ = {isa = PBXFileReference; lastKnownFileType = wrapper.framework; name = GameKit.framework; path = System/Library/Frameworks/GameKit.framework; sourceTree = SDKROOT; };
/* End PBXFileReference section */

/* Begin PBXFrameworksBuildPhase section */
		374ED43C18EFF8C900D3FE6B /* Frameworks */ = {
			isa = PBXFrameworksBuildPhase;
			buildActionMask = 2147483647;
			files = (
				37C567F2190407440016C8FC /* iAd.framework in Frameworks */,
				A4A6557A18F1575C00F1C968 /* FacebookSDK.framework in Frameworks */,
				A4A6557818F156F700F1C968 /* Social.framework in Frameworks */,
				374ED44518EFF8C900D3FE6B /* CoreGraphics.framework in Frameworks */,
				A4A6558718F1634800F1C968 /* GameKit.framework in Frameworks */,
				374ED44718EFF8C900D3FE6B /* UIKit.framework in Frameworks */,
				374ED44318EFF8C900D3FE6B /* Foundation.framework in Frameworks */,
			);
			runOnlyForDeploymentPostprocessing = 0;
		};
		374ED45718EFF8C900D3FE6B /* Frameworks */ = {
			isa = PBXFrameworksBuildPhase;
			buildActionMask = 2147483647;
			files = (
				374ED45C18EFF8C900D3FE6B /* XCTest.framework in Frameworks */,
				374ED45E18EFF8C900D3FE6B /* UIKit.framework in Frameworks */,
				374ED45D18EFF8C900D3FE6B /* Foundation.framework in Frameworks */,
			);
			runOnlyForDeploymentPostprocessing = 0;
		};
/* End PBXFrameworksBuildPhase section */

/* Begin PBXGroup section */
		3739139418F9B65D00899025 /* Library */ = {
			isa = PBXGroup;
			children = (
				3739139518F9B65D00899025 /* NiceButton */,
			);
			path = Library;
			sourceTree = "<group>";
		};
		3739139518F9B65D00899025 /* NiceButton */ = {
			isa = PBXGroup;
			children = (
				3739139618F9B78600899025 /* NiceButton.h */,
				3739139718F9B78600899025 /* NiceButton.m */,
			);
			path = NiceButton;
			sourceTree = "<group>";
		};
		374ED43618EFF8C900D3FE6B = {
			isa = PBXGroup;
			children = (
				374ED44818EFF8C900D3FE6B /* TerrificMath */,
				374ED46118EFF8C900D3FE6B /* TerrificMathTests */,
				374ED44118EFF8C900D3FE6B /* Frameworks */,
				374ED44018EFF8C900D3FE6B /* Products */,
			);
			sourceTree = "<group>";
		};
		374ED44018EFF8C900D3FE6B /* Products */ = {
			isa = PBXGroup;
			children = (
				374ED43F18EFF8C900D3FE6B /* One Second.app */,
				374ED45A18EFF8C900D3FE6B /* One SecondTests.xctest */,
			);
			name = Products;
			sourceTree = "<group>";
		};
		374ED44118EFF8C900D3FE6B /* Frameworks */ = {
			isa = PBXGroup;
			children = (
				37C567F1190407440016C8FC /* iAd.framework */,
				A4A6558618F1634800F1C968 /* GameKit.framework */,
				A4A6557918F1575C00F1C968 /* FacebookSDK.framework */,
				A4A6557718F156F700F1C968 /* Social.framework */,
				374ED44218EFF8C900D3FE6B /* Foundation.framework */,
				374ED44418EFF8C900D3FE6B /* CoreGraphics.framework */,
				374ED44618EFF8C900D3FE6B /* UIKit.framework */,
				374ED45B18EFF8C900D3FE6B /* XCTest.framework */,
			);
			name = Frameworks;
			sourceTree = "<group>";
		};
		374ED44818EFF8C900D3FE6B /* TerrificMath */ = {
			isa = PBXGroup;
			children = (
				A4A6558518F1633B00F1C968 /* TerrificMath.entitlements */,
				374ED47118EFFD1C00D3FE6B /* Classes */,
				374ED45118EFF8C900D3FE6B /* AppDelegate.h */,
				374ED45218EFF8C900D3FE6B /* AppDelegate.m */,
				374ED45418EFF8C900D3FE6B /* Images.xcassets */,
				374ED44918EFF8C900D3FE6B /* Supporting Files */,
			);
			path = TerrificMath;
			sourceTree = "<group>";
		};
		374ED44918EFF8C900D3FE6B /* Supporting Files */ = {
			isa = PBXGroup;
			children = (
				A436AA011904B79200A8389C /* 2newlogo.png */,
				A436AA021904B79200A8389C /* 2newlogo29.png */,
				A436AA031904B79200A8389C /* 2newlogo57.png */,
				A436AA041904B79200A8389C /* 2newlogo58.png */,
				A436AA051904B79200A8389C /* 2newlogo80.png */,
				A436AA061904B79200A8389C /* 2newlogo114.png */,
				A436AA071904B79200A8389C /* 2newlogo120.png */,
				37C128781902D91500A9E682 /* gameoverview.png */,
				37C1287619012E9100A9E682 /* bg gameover.png */,
				37C12874190122A700A9E682 /* share normal.png */,
				37C128721901229600A9E682 /* share clicked.png */,
				37C1EC8718FC3F09007428B8 /* menu clicked.png */,
				37C1EC8518FC3CE1007428B8 /* menu normal.png */,
				37C1EC8318FC3AA8007428B8 /* rank clicked.png */,
				37C1EC8118FC39CB007428B8 /* rate clicked.png */,
				37C1EC7F18FC38BC007428B8 /* play clicked.png */,
				37C1EC7D18FC378E007428B8 /* rank normal.png */,
				37C1EC7B18FC35D1007428B8 /* rate normal.png */,
				37C1EC7918FC305B007428B8 /* play normal.png */,
				37C1EC7518FC2711007428B8 /* wrong clicked.png */,
				37C1EC7618FC2711007428B8 /* wrong normal.png */,
				37C1EC7318FC270A007428B8 /* right clicked.png */,
				37C1EC7118FC2107007428B8 /* right normal.png */,
				3739139018F9B44700899025 /* Delete.png */,
				3739139118F9B44700899025 /* Check.png */,
				374ED44A18EFF8C900D3FE6B /* One Second-Info.plist */,
				374ED44B18EFF8C900D3FE6B /* InfoPlist.strings */,
				374ED44E18EFF8C900D3FE6B /* main.m */,
				374ED45018EFF8C900D3FE6B /* TerrificMath-Prefix.pch */,
			);
			name = "Supporting Files";
			sourceTree = "<group>";
		};
		374ED46118EFF8C900D3FE6B /* TerrificMathTests */ = {
			isa = PBXGroup;
			children = (
				374ED46718EFF8C900D3FE6B /* TerrificMathTests.m */,
				374ED46218EFF8C900D3FE6B /* Supporting Files */,
			);
			path = TerrificMathTests;
			sourceTree = "<group>";
		};
		374ED46218EFF8C900D3FE6B /* Supporting Files */ = {
			isa = PBXGroup;
			children = (
				374ED46318EFF8C900D3FE6B /* One SecondTests-Info.plist */,
				374ED46418EFF8C900D3FE6B /* InfoPlist.strings */,
			);
			name = "Supporting Files";
			sourceTree = "<group>";
		};
		374ED47118EFFD1C00D3FE6B /* Classes */ = {
			isa = PBXGroup;
			children = (
				3739139418F9B65D00899025 /* Library */,
				A4A6556A18F156DD00F1C968 /* Common */,
				374ED47218EFFD1C00D3FE6B /* Models */,
				374ED47318EFFD1C00D3FE6B /* ViewControllers */,
			);
			path = Classes;
			sourceTree = "<group>";
		};
		374ED47218EFFD1C00D3FE6B /* Models */ = {
			isa = PBXGroup;
			children = (
			);
			path = Models;
			sourceTree = "<group>";
		};
		374ED47318EFFD1C00D3FE6B /* ViewControllers */ = {
			isa = PBXGroup;
			children = (
				374ED47418EFFD1C00D3FE6B /* MenuViewController */,
				374ED47518EFFD1C00D3FE6B /* PlayViewController */,
			);
			path = ViewControllers;
			sourceTree = "<group>";
		};
		374ED47418EFFD1C00D3FE6B /* MenuViewController */ = {
			isa = PBXGroup;
			children = (
				374ED47618EFFD6400D3FE6B /* MenuViewController.h */,
				374ED47718EFFD6400D3FE6B /* MenuViewController.m */,
				374ED47818EFFD6400D3FE6B /* MenuViewController.xib */,
			);
			path = MenuViewController;
			sourceTree = "<group>";
		};
		374ED47518EFFD1C00D3FE6B /* PlayViewController */ = {
			isa = PBXGroup;
			children = (
				374ED47B18F002E300D3FE6B /* PlayViewController.h */,
				374ED47C18F002E300D3FE6B /* PlayViewController.m */,
				374ED47D18F002E300D3FE6B /* PlayViewController.xib */,
			);
			path = PlayViewController;
			sourceTree = "<group>";
		};
		A4A6556A18F156DD00F1C968 /* Common */ = {
			isa = PBXGroup;
			children = (
				A4A6557118F156DD00F1C968 /* FacebookActivity */,
				A4A6558118F15EC600F1C968 /* GameKitHelper */,
				A4A6556B18F156DD00F1C968 /* ApActivityData */,
				A4A6556E18F156DD00F1C968 /* Common.h */,
			);
			path = Common;
			sourceTree = "<group>";
		};
		A4A6556B18F156DD00F1C968 /* ApActivityData */ = {
			isa = PBXGroup;
			children = (
				A4A6556C18F156DD00F1C968 /* ApActivityData.h */,
				A4A6556D18F156DD00F1C968 /* ApActivityData.m */,
			);
			path = ApActivityData;
			sourceTree = "<group>";
		};
		A4A6557118F156DD00F1C968 /* FacebookActivity */ = {
			isa = PBXGroup;
			children = (
				A4A6557218F156DD00F1C968 /* FacebookActivity.h */,
				A4A6557318F156DD00F1C968 /* FacebookActivity.m */,
			);
			path = FacebookActivity;
			sourceTree = "<group>";
		};
		A4A6558118F15EC600F1C968 /* GameKitHelper */ = {
			isa = PBXGroup;
			children = (
				A4A6558218F15FC200F1C968 /* GameKitHelper.h */,
				A4A6558318F15FC300F1C968 /* GameKitHelper.m */,
			);
			path = GameKitHelper;
			sourceTree = "<group>";
		};
/* End PBXGroup section */

/* Begin PBXNativeTarget section */
		374ED43E18EFF8C900D3FE6B /* One Second */ = {
			isa = PBXNativeTarget;
			buildConfigurationList = 374ED46B18EFF8C900D3FE6B /* Build configuration list for PBXNativeTarget "One Second" */;
			buildPhases = (
				374ED43B18EFF8C900D3FE6B /* Sources */,
				374ED43C18EFF8C900D3FE6B /* Frameworks */,
				374ED43D18EFF8C900D3FE6B /* Resources */,
			);
			buildRules = (
			);
			dependencies = (
			);
			name = "One Second";
			productName = TerrificMath;
			productReference = 374ED43F18EFF8C900D3FE6B /* One Second.app */;
			productType = "com.apple.product-type.application";
		};
		374ED45918EFF8C900D3FE6B /* One SecondTests */ = {
			isa = PBXNativeTarget;
			buildConfigurationList = 374ED46E18EFF8C900D3FE6B /* Build configuration list for PBXNativeTarget "One SecondTests" */;
			buildPhases = (
				374ED45618EFF8C900D3FE6B /* Sources */,
				374ED45718EFF8C900D3FE6B /* Frameworks */,
				374ED45818EFF8C900D3FE6B /* Resources */,
			);
			buildRules = (
			);
			dependencies = (
				374ED46018EFF8C900D3FE6B /* PBXTargetDependency */,
			);
			name = "One SecondTests";
			productName = TerrificMathTests;
			productReference = 374ED45A18EFF8C900D3FE6B /* One SecondTests.xctest */;
			productType = "com.apple.product-type.bundle.unit-test";
		};
/* End PBXNativeTarget section */

/* Begin PBXProject section */
		374ED43718EFF8C900D3FE6B /* Project object */ = {
			isa = PBXProject;
			attributes = {
				LastUpgradeCheck = 0510;
				ORGANIZATIONNAME = hoang;
				TargetAttributes = {
					374ED43E18EFF8C900D3FE6B = {
						DevelopmentTeam = TMD3Y97MSH;
						SystemCapabilities = {
							com.apple.GameCenter = {
								enabled = 1;
							};
							com.apple.iCloud = {
								enabled = 0;
							};
						};
					};
					374ED45918EFF8C900D3FE6B = {
						TestTargetID = 374ED43E18EFF8C900D3FE6B;
					};
				};
			};
			buildConfigurationList = 374ED43A18EFF8C900D3FE6B /* Build configuration list for PBXProject "One Second" */;
			compatibilityVersion = "Xcode 3.2";
			developmentRegion = English;
			hasScannedForEncodings = 0;
			knownRegions = (
				en,
			);
			mainGroup = 374ED43618EFF8C900D3FE6B;
			productRefGroup = 374ED44018EFF8C900D3FE6B /* Products */;
			projectDirPath = "";
			projectRoot = "";
			targets = (
				374ED43E18EFF8C900D3FE6B /* One Second */,
				374ED45918EFF8C900D3FE6B /* One SecondTests */,
			);
		};
/* End PBXProject section */

/* Begin PBXResourcesBuildPhase section */
		374ED43D18EFF8C900D3FE6B /* Resources */ = {
			isa = PBXResourcesBuildPhase;
			buildActionMask = 2147483647;
			files = (
				37C128791902D91600A9E682 /* gameoverview.png in Resources */,
				37C1EC7218FC2107007428B8 /* right normal.png in Resources */,
				37C1EC7418FC270A007428B8 /* right clicked.png in Resources */,
				37C1EC8618FC3CE1007428B8 /* menu normal.png in Resources */,
				37C12875190122A700A9E682 /* share normal.png in Resources */,
				37C128731901229600A9E682 /* share clicked.png in Resources */,
				37C1EC8818FC3F09007428B8 /* menu clicked.png in Resources */,
				374ED47F18F002E300D3FE6B /* PlayViewController.xib in Resources */,
				3739139218F9B44700899025 /* Delete.png in Resources */,
				A436AA091904B79200A8389C /* 2newlogo29.png in Resources */,
				374ED44D18EFF8C900D3FE6B /* InfoPlist.strings in Resources */,
				A436AA0A1904B79200A8389C /* 2newlogo57.png in Resources */,
				A436AA0C1904B79200A8389C /* 2newlogo80.png in Resources */,
				374ED47A18EFFD6400D3FE6B /* MenuViewController.xib in Resources */,
				3739139318F9B44700899025 /* Check.png in Resources */,
				A436AA081904B79200A8389C /* 2newlogo.png in Resources */,
				37C1287719012E9200A9E682 /* bg gameover.png in Resources */,
				A436AA0D1904B79200A8389C /* 2newlogo114.png in Resources */,
				37C1EC7E18FC378E007428B8 /* rank normal.png in Resources */,
				37C1EC8018FC38BC007428B8 /* play clicked.png in Resources */,
				37C1EC8218FC39CB007428B8 /* rate clicked.png in Resources */,
				37C1EC7718FC2711007428B8 /* wrong clicked.png in Resources */,
				374ED45518EFF8C900D3FE6B /* Images.xcassets in Resources */,
				A436AA0E1904B79200A8389C /* 2newlogo120.png in Resources */,
				A436AA0B1904B79200A8389C /* 2newlogo58.png in Resources */,
				37C1EC7A18FC305B007428B8 /* play normal.png in Resources */,
				37C1EC7818FC2711007428B8 /* wrong normal.png in Resources */,
				37C1EC8418FC3AA8007428B8 /* rank clicked.png in Resources */,
				37C1EC7C18FC35D1007428B8 /* rate normal.png in Resources */,
			);
			runOnlyForDeploymentPostprocessing = 0;
		};
		374ED45818EFF8C900D3FE6B /* Resources */ = {
			isa = PBXResourcesBuildPhase;
			buildActionMask = 2147483647;
			files = (
				374ED46618EFF8C900D3FE6B /* InfoPlist.strings in Resources */,
			);
			runOnlyForDeploymentPostprocessing = 0;
		};
/* End PBXResourcesBuildPhase section */

/* Begin PBXSourcesBuildPhase section */
		374ED43B18EFF8C900D3FE6B /* Sources */ = {
			isa = PBXSourcesBuildPhase;
			buildActionMask = 2147483647;
			files = (
				374ED47E18F002E300D3FE6B /* PlayViewController.m in Sources */,
				A4A6557618F156DD00F1C968 /* FacebookActivity.m in Sources */,
				3739139818F9B78600899025 /* NiceButton.m in Sources */,
				A4A6557418F156DD00F1C968 /* ApActivityData.m in Sources */,
				A4A6558418F15FC300F1C968 /* GameKitHelper.m in Sources */,
				374ED45318EFF8C900D3FE6B /* AppDelegate.m in Sources */,
				374ED47918EFFD6400D3FE6B /* MenuViewController.m in Sources */,
				374ED44F18EFF8C900D3FE6B /* main.m in Sources */,
			);
			runOnlyForDeploymentPostprocessing = 0;
		};
		374ED45618EFF8C900D3FE6B /* Sources */ = {
			isa = PBXSourcesBuildPhase;
			buildActionMask = 2147483647;
			files = (
				374ED46818EFF8C900D3FE6B /* TerrificMathTests.m in Sources */,
			);
			runOnlyForDeploymentPostprocessing = 0;
		};
/* End PBXSourcesBuildPhase section */

/* Begin PBXTargetDependency section */
		374ED46018EFF8C900D3FE6B /* PBXTargetDependency */ = {
			isa = PBXTargetDependency;
			target = 374ED43E18EFF8C900D3FE6B /* One Second */;
			targetProxy = 374ED45F18EFF8C900D3FE6B /* PBXContainerItemProxy */;
		};
/* End PBXTargetDependency section */

/* Begin PBXVariantGroup section */
		374ED44B18EFF8C900D3FE6B /* InfoPlist.strings */ = {
			isa = PBXVariantGroup;
			children = (
				374ED44C18EFF8C900D3FE6B /* en */,
			);
			name = InfoPlist.strings;
			sourceTree = "<group>";
		};
		374ED46418EFF8C900D3FE6B /* InfoPlist.strings */ = {
			isa = PBXVariantGroup;
			children = (
				374ED46518EFF8C900D3FE6B /* en */,
			);
			name = InfoPlist.strings;
			sourceTree = "<group>";
		};
/* End PBXVariantGroup section */

/* Begin XCBuildConfiguration section */
		374ED46918EFF8C900D3FE6B /* Debug */ = {
			isa = XCBuildConfiguration;
			buildSettings = {
				ALWAYS_SEARCH_USER_PATHS = NO;
				CLANG_CXX_LANGUAGE_STANDARD = "gnu++0x";
				CLANG_CXX_LIBRARY = "libc++";
				CLANG_ENABLE_MODULES = YES;
				CLANG_ENABLE_OBJC_ARC = YES;
				CLANG_WARN_BOOL_CONVERSION = YES;
				CLANG_WARN_CONSTANT_CONVERSION = YES;
				CLANG_WARN_DIRECT_OBJC_ISA_USAGE = YES_ERROR;
				CLANG_WARN_EMPTY_BODY = YES;
				CLANG_WARN_ENUM_CONVERSION = YES;
				CLANG_WARN_INT_CONVERSION = YES;
				CLANG_WARN_OBJC_ROOT_CLASS = YES_ERROR;
				CLANG_WARN__DUPLICATE_METHOD_MATCH = YES;
				"CODE_SIGN_IDENTITY[sdk=iphoneos*]" = "iPhone Developer";
				COPY_PHASE_STRIP = NO;
				GCC_C_LANGUAGE_STANDARD = gnu99;
				GCC_DYNAMIC_NO_PIC = NO;
				GCC_OPTIMIZATION_LEVEL = 0;
				GCC_PREPROCESSOR_DEFINITIONS = (
					"DEBUG=1",
					"$(inherited)",
				);
				GCC_SYMBOLS_PRIVATE_EXTERN = NO;
				GCC_WARN_64_TO_32_BIT_CONVERSION = YES;
				GCC_WARN_ABOUT_RETURN_TYPE = YES_ERROR;
				GCC_WARN_UNDECLARED_SELECTOR = YES;
				GCC_WARN_UNINITIALIZED_AUTOS = YES_AGGRESSIVE;
				GCC_WARN_UNUSED_FUNCTION = YES;
				GCC_WARN_UNUSED_VARIABLE = YES;
				IPHONEOS_DEPLOYMENT_TARGET = 6.0;
				ONLY_ACTIVE_ARCH = YES;
				PRODUCT_NAME = "One Second";
				SDKROOT = iphoneos;
			};
			name = Debug;
		};
		374ED46A18EFF8C900D3FE6B /* Release */ = {
			isa = XCBuildConfiguration;
			buildSettings = {
				ALWAYS_SEARCH_USER_PATHS = NO;
				CLANG_CXX_LANGUAGE_STANDARD = "gnu++0x";
				CLANG_CXX_LIBRARY = "libc++";
				CLANG_ENABLE_MODULES = YES;
				CLANG_ENABLE_OBJC_ARC = YES;
				CLANG_WARN_BOOL_CONVERSION = YES;
				CLANG_WARN_CONSTANT_CONVERSION = YES;
				CLANG_WARN_DIRECT_OBJC_ISA_USAGE = YES_ERROR;
				CLANG_WARN_EMPTY_BODY = YES;
				CLANG_WARN_ENUM_CONVERSION = YES;
				CLANG_WARN_INT_CONVERSION = YES;
				CLANG_WARN_OBJC_ROOT_CLASS = YES_ERROR;
				CLANG_WARN__DUPLICATE_METHOD_MATCH = YES;
				"CODE_SIGN_IDENTITY[sdk=iphoneos*]" = "iPhone Developer";
				COPY_PHASE_STRIP = YES;
				ENABLE_NS_ASSERTIONS = NO;
				GCC_C_LANGUAGE_STANDARD = gnu99;
				GCC_WARN_64_TO_32_BIT_CONVERSION = YES;
				GCC_WARN_ABOUT_RETURN_TYPE = YES_ERROR;
				GCC_WARN_UNDECLARED_SELECTOR = YES;
				GCC_WARN_UNINITIALIZED_AUTOS = YES_AGGRESSIVE;
				GCC_WARN_UNUSED_FUNCTION = YES;
				GCC_WARN_UNUSED_VARIABLE = YES;
				IPHONEOS_DEPLOYMENT_TARGET = 6.0;
				PRODUCT_NAME = "One Second";
				SDKROOT = iphoneos;
				VALIDATE_PRODUCT = YES;
			};
			name = Release;
		};
		374ED46C18EFF8C900D3FE6B /* Debug */ = {
			isa = XCBuildConfiguration;
			buildSettings = {
				ASSETCATALOG_COMPILER_APPICON_NAME = "AppIcon-2";
				ASSETCATALOG_COMPILER_LAUNCHIMAGE_NAME = LaunchImage;
				CODE_SIGN_IDENTITY = "iPhone Developer";
				"CODE_SIGN_IDENTITY[sdk=iphoneos*]" = "iPhone Developer";
				FRAMEWORK_SEARCH_PATHS = (
					"$(inherited)",
					"$(PROJECT_DIR)/TerrificMath",
				);
				GCC_PRECOMPILE_PREFIX_HEADER = YES;
				GCC_PREFIX_HEADER = "TerrificMath/One Second-Prefix.pch";
				INFOPLIST_FILE = "TerrificMath/One Second-Info.plist";
				IPHONEOS_DEPLOYMENT_TARGET = 6.0;
				PRODUCT_NAME = "One Second";
				PROVISIONING_PROFILE = "";
				TARGETED_DEVICE_FAMILY = 1;
				WRAPPER_EXTENSION = app;
			};
			name = Debug;
		};
		374ED46D18EFF8C900D3FE6B /* Release */ = {
			isa = XCBuildConfiguration;
			buildSettings = {
				ASSETCATALOG_COMPILER_APPICON_NAME = "AppIcon-2";
				ASSETCATALOG_COMPILER_LAUNCHIMAGE_NAME = LaunchImage;
				CODE_SIGN_IDENTITY = "iPhone Developer";
				"CODE_SIGN_IDENTITY[sdk=iphoneos*]" = "iPhone Developer";
				FRAMEWORK_SEARCH_PATHS = (
					"$(inherited)",
					"$(PROJECT_DIR)/TerrificMath",
				);
				GCC_PRECOMPILE_PREFIX_HEADER = YES;
				GCC_PREFIX_HEADER = "TerrificMath/One Second-Prefix.pch";
				INFOPLIST_FILE = "TerrificMath/One Second-Info.plist";
				IPHONEOS_DEPLOYMENT_TARGET = 6.0;
				PRODUCT_NAME = "One Second";
				PROVISIONING_PROFILE = "";
				TARGETED_DEVICE_FAMILY = 1;
				WRAPPER_EXTENSION = app;
			};
			name = Release;
		};
		374ED46F18EFF8C900D3FE6B /* Debug */ = {
			isa = XCBuildConfiguration;
			buildSettings = {
				BUNDLE_LOADER = "$(BUILT_PRODUCTS_DIR)/TerrificMath.app/TerrificMath";
				FRAMEWORK_SEARCH_PATHS = (
					"$(SDKROOT)/Developer/Library/Frameworks",
					"$(inherited)",
					"$(DEVELOPER_FRAMEWORKS_DIR)",
				);
				GCC_PRECOMPILE_PREFIX_HEADER = YES;
				GCC_PREFIX_HEADER = "TerrificMath/TerrificMath-Prefix.pch";
				GCC_PREPROCESSOR_DEFINITIONS = (
					"DEBUG=1",
					"$(inherited)",
				);
				INFOPLIST_FILE = "TerrificMathTests/One SecondTests-Info.plist";
				PRODUCT_NAME = "One SecondTests";
				TEST_HOST = "$(BUNDLE_LOADER)";
				WRAPPER_EXTENSION = xctest;
			};
			name = Debug;
		};
		374ED47018EFF8C900D3FE6B /* Release */ = {
			isa = XCBuildConfiguration;
			buildSettings = {
				BUNDLE_LOADER = "$(BUILT_PRODUCTS_DIR)/TerrificMath.app/TerrificMath";
				FRAMEWORK_SEARCH_PATHS = (
					"$(SDKROOT)/Developer/Library/Frameworks",
					"$(inherited)",
					"$(DEVELOPER_FRAMEWORKS_DIR)",
				);
				GCC_PRECOMPILE_PREFIX_HEADER = YES;
				GCC_PREFIX_HEADER = "TerrificMath/TerrificMath-Prefix.pch";
				INFOPLIST_FILE = "TerrificMathTests/One SecondTests-Info.plist";
				PRODUCT_NAME = "One SecondTests";
				TEST_HOST = "$(BUNDLE_LOADER)";
				WRAPPER_EXTENSION = xctest;
			};
			name = Release;
		};
/* End XCBuildConfiguration section */

/* Begin XCConfigurationList section */
		374ED43A18EFF8C900D3FE6B /* Build configuration list for PBXProject "One Second" */ = {
			isa = XCConfigurationList;
			buildConfigurations = (
				374ED46918EFF8C900D3FE6B /* Debug */,
				374ED46A18EFF8C900D3FE6B /* Release */,
			);
			defaultConfigurationIsVisible = 0;
			defaultConfigurationName = Release;
		};
		374ED46B18EFF8C900D3FE6B /* Build configuration list for PBXNativeTarget "One Second" */ = {
			isa = XCConfigurationList;
			buildConfigurations = (
				374ED46C18EFF8C900D3FE6B /* Debug */,
				374ED46D18EFF8C900D3FE6B /* Release */,
			);
			defaultConfigurationIsVisible = 0;
			defaultConfigurationName = Release;
		};
		374ED46E18EFF8C900D3FE6B /* Build configuration list for PBXNativeTarget "One SecondTests" */ = {
			isa = XCConfigurationList;
			buildConfigurations = (
				374ED46F18EFF8C900D3FE6B /* Debug */,
				374ED47018EFF8C900D3FE6B /* Release */,
			);
			defaultConfigurationIsVisible = 0;
			defaultConfigurationName = Release;
		};
/* End XCConfigurationList section */
	};
	rootObject = 374ED43718EFF8C900D3FE6B /* Project object */;
}
