// !$*UTF8*$!
{
	archiveVersion = 1;
	classes = {
	};
	objectVersion = 46;
	objects = {

/* Begin PBXBuildFile section */
		374ED44318EFF8C900D3FE6B /* Foundation.framework in Frameworks */ = {isa = PBXBuildFile; fileRef = 374ED44218EFF8C900D3FE6B /* Foundation.framework */; };
		374ED44518EFF8C900D3FE6B /* CoreGraphics.framework in Frameworks */ = {isa = PBXBuildFile; fileRef = 374ED44418EFF8C900D3FE6B /* CoreGraphics.framework */; };
		374ED44718EFF8C900D3FE6B /* UIKit.framework in Frameworks */ = {isa = PBXBuildFile; fileRef = 374ED44618EFF8C900D3FE6B /* UIKit.framework */; };
		374ED44D18EFF8C900D3FE6B /* InfoPlist.strings in Resources */ = {isa = PBXBuildFile; fileRef = 374ED44B18EFF8C900D3FE6B /* InfoPlist.strings */; };
		374ED44F18EFF8C900D3FE6B /* main.m in Sources */ = {isa = PBXBuildFile; fileRef = 374ED44E18EFF8C900D3FE6B /* main.m */; };
		374ED45318EFF8C900D3FE6B /* AppDelegate.m in Sources */ = {isa = PBXBuildFile; fileRef = 374ED45218EFF8C900D3FE6B /* AppDelegate.m */; };
		374ED45518EFF8C900D3FE6B /* Images.xcassets in Resources */ = {isa = PBXBuildFile; fileRef = 374ED45418EFF8C900D3FE6B /* Images.xcassets */; };
		374ED45C18EFF8C900D3FE6B /* XCTest.framework in Frameworks */ = {isa = PBXBuildFile; fileRef = 374ED45B18EFF8C900D3FE6B /* XCTest.framework */; };
		374ED45D18EFF8C900D3FE6B /* Foundation.framework in Frameworks */ = {isa = PBXBuildFile; fileRef = 374ED44218EFF8C900D3FE6B /* Foundation.framework */; };
		374ED45E18EFF8C900D3FE6B /* UIKit.framework in Frameworks */ = {isa = PBXBuildFile; fileRef = 374ED44618EFF8C900D3FE6B /* UIKit.framework */; };
		374ED46618EFF8C900D3FE6B /* InfoPlist.strings in Resources */ = {isa = PBXBuildFile; fileRef = 374ED46418EFF8C900D3FE6B /* InfoPlist.strings */; };
		374ED46818EFF8C900D3FE6B /* TerrificMathTests.m in Sources */ = {isa = PBXBuildFile; fileRef = 374ED46718EFF8C900D3FE6B /* TerrificMathTests.m */; };
		374ED47918EFFD6400D3FE6B /* MenuViewController.m in Sources */ = {isa = PBXBuildFile; fileRef = 374ED47718EFFD6400D3FE6B /* MenuViewController.m */; };
		374ED47A18EFFD6400D3FE6B /* MenuViewController.xib in Resources */ = {isa = PBXBuildFile; fileRef = 374ED47818EFFD6400D3FE6B /* MenuViewController.xib */; };
		374ED47E18F002E300D3FE6B /* PlayViewController.m in Sources */ = {isa = PBXBuildFile; fileRef = 374ED47C18F002E300D3FE6B /* PlayViewController.m */; };
		374ED47F18F002E300D3FE6B /* PlayViewController.xib in Resources */ = {isa = PBXBuildFile; fileRef = 374ED47D18F002E300D3FE6B /* PlayViewController.xib */; };
		A4A6557418F156DD00F1C968 /* ApActivityData.m in Sources */ = {isa = PBXBuildFile; fileRef = A4A6556D18F156DD00F1C968 /* ApActivityData.m */; };
		A4A6557618F156DD00F1C968 /* FacebookActivity.m in Sources */ = {isa = PBXBuildFile; fileRef = A4A6557318F156DD00F1C968 /* FacebookActivity.m */; };
		A4A6557818F156F700F1C968 /* Social.framework in Frameworks */ = {isa = PBXBuildFile; fileRef = A4A6557718F156F700F1C968 /* Social.framework */; };
		A4A6557A18F1575C00F1C968 /* FacebookSDK.framework in Frameworks */ = {isa = PBXBuildFile; fileRef = A4A6557918F1575C00F1C968 /* FacebookSDK.framework */; };
		A4A6558418F15FC300F1C968 /* GameKitHelper.m in Sources */ = {isa = PBXBuildFile; fileRef = A4A6558318F15FC300F1C968 /* GameKitHelper.m */; };
		A4A6558718F1634800F1C968 /* GameKit.framework in Frameworks */ = {isa = PBXBuildFile; fileRef = A4A6558618F1634800F1C968 /* GameKit.framework */; };
/* End PBXBuildFile section */

/* Begin PBXContainerItemProxy section */
		374ED45F18EFF8C900D3FE6B /* PBXContainerItemProxy */ = {
			isa = PBXContainerItemProxy;
			containerPortal = 374ED43718EFF8C900D3FE6B /* Project object */;
			proxyType = 1;
			remoteGlobalIDString = 374ED43E18EFF8C900D3FE6B;
			remoteInfo = TerrificMath;
		};
/* End PBXContainerItemProxy section */

/* Begin PBXFileReference section */
		374ED43F18EFF8C900D3FE6B /* TerrificMath.app */ = {isa = PBXFileReference; explicitFileType = wrapper.application; includeInIndex = 0; path = TerrificMath.app; sourceTree = BUILT_PRODUCTS_DIR; };
		374ED44218EFF8C900D3FE6B /* Foundation.framework */ = {isa = PBXFileReference; lastKnownFileType = wrapper.framework; name = Foundation.framework; path = System/Library/Frameworks/Foundation.framework; sourceTree = SDKROOT; };
		374ED44418EFF8C900D3FE6B /* CoreGraphics.framework */ = {isa = PBXFileReference; lastKnownFileType = wrapper.framework; name = CoreGraphics.framework; path = System/Library/Frameworks/CoreGraphics.framework; sourceTree = SDKROOT; };
		374ED44618EFF8C900D3FE6B /* UIKit.framework */ = {isa = PBXFileReference; lastKnownFileType = wrapper.framework; name = UIKit.framework; path = System/Library/Frameworks/UIKit.framework; sourceTree = SDKROOT; };
		374ED44A18EFF8C900D3FE6B /* TerrificMath-Info.plist */ = {isa = PBXFileReference; lastKnownFileType = text.plist.xml; path = "TerrificMath-Info.plist"; sourceTree = "<group>"; };
		374ED44C18EFF8C900D3FE6B /* en */ = {isa = PBXFileReference; lastKnownFileType = text.plist.strings; name = en; path = en.lproj/InfoPlist.strings; sourceTree = "<group>"; };
		374ED44E18EFF8C900D3FE6B /* main.m */ = {isa = PBXFileReference; lastKnownFileType = sourcecode.c.objc; path = main.m; sourceTree = "<group>"; };
		374ED45018EFF8C900D3FE6B /* TerrificMath-Prefix.pch */ = {isa = PBXFileReference; lastKnownFileType = sourcecode.c.h; path = "TerrificMath-Prefix.pch"; sourceTree = "<group>"; };
		374ED45118EFF8C900D3FE6B /* AppDelegate.h */ = {isa = PBXFileReference; lastKnownFileType = sourcecode.c.h; path = AppDelegate.h; sourceTree = "<group>"; };
		374ED45218EFF8C900D3FE6B /* AppDelegate.m */ = {isa = PBXFileReference; lastKnownFileType = sourcecode.c.objc; path = AppDelegate.m; sourceTree = "<group>"; };
		374ED45418EFF8C900D3FE6B /* Images.xcassets */ = {isa = PBXFileReference; lastKnownFileType = folder.assetcatalog; path = Images.xcassets; sourceTree = "<group>"; };
		374ED45A18EFF8C900D3FE6B /* TerrificMathTests.xctest */ = {isa = PBXFileReference; explicitFileType = wrapper.cfbundle; includeInIndex = 0; path = TerrificMathTests.xctest; sourceTree = BUILT_PRODUCTS_DIR; };
		374ED45B18EFF8C900D3FE6B /* XCTest.framework */ = {isa = PBXFileReference; lastKnownFileType = wrapper.framework; name = XCTest.framework; path = Library/Frameworks/XCTest.framework; sourceTree = DEVELOPER_DIR; };
		374ED46318EFF8C900D3FE6B /* TerrificMathTests-Info.plist */ = {isa = PBXFileReference; lastKnownFileType = text.plist.xml; path = "TerrificMathTests-Info.plist"; sourceTree = "<group>"; };
		374ED46518EFF8C900D3FE6B /* en */ = {isa = PBXFileReference; lastKnownFileType = text.plist.strings; name = en; path = en.lproj/InfoPlist.strings; sourceTree = "<group>"; };
		374ED46718EFF8C900D3FE6B /* TerrificMathTests.m */ = {isa = PBXFileReference; lastKnownFileType = sourcecode.c.objc; path = TerrificMathTests.m; sourceTree = "<group>"; };
		374ED47618EFFD6400D3FE6B /* MenuViewController.h */ = {isa = PBXFileReference; fileEncoding = 4; lastKnownFileType = sourcecode.c.h; path = MenuViewController.h; sourceTree = "<group>"; };
		374ED47718EFFD6400D3FE6B /* MenuViewController.m */ = {isa = PBXFileReference; fileEncoding = 4; lastKnownFileType = sourcecode.c.objc; path = MenuViewController.m; sourceTree = "<group>"; };
		374ED47818EFFD6400D3FE6B /* MenuViewController.xib */ = {isa = PBXFileReference; fileEncoding = 4; lastKnownFileType = file.xib; path = MenuViewController.xib; sourceTree = "<group>"; };
		374ED47B18F002E300D3FE6B /* PlayViewController.h */ = {isa = PBXFileReference; fileEncoding = 4; lastKnownFileType = sourcecode.c.h; path = PlayViewController.h; sourceTree = "<group>"; };
		374ED47C18F002E300D3FE6B /* PlayViewController.m */ = {isa = PBXFileReference; fileEncoding = 4; lastKnownFileType = sourcecode.c.objc; path = PlayViewController.m; sourceTree = "<group>"; };
		374ED47D18F002E300D3FE6B /* PlayViewController.xib */ = {isa = PBXFileReference; fileEncoding = 4; lastKnownFileType = file.xib; path = PlayViewController.xib; sourceTree = "<group>"; };
		A4A6556C18F156DD00F1C968 /* ApActivityData.h */ = {isa = PBXFileReference; fileEncoding = 4; lastKnownFileType = sourcecode.c.h; path = ApActivityData.h; sourceTree = "<group>"; };
		A4A6556D18F156DD00F1C968 /* ApActivityData.m */ = {isa = PBXFileReference; fileEncoding = 4; lastKnownFileType = sourcecode.c.objc; path = ApActivityData.m; sourceTree = "<group>"; };
		A4A6556E18F156DD00F1C968 /* Common.h */ = {isa = PBXFileReference; fileEncoding = 4; lastKnownFileType = sourcecode.c.h; path = Common.h; sourceTree = "<group>"; };
		A4A6557218F156DD00F1C968 /* FacebookActivity.h */ = {isa = PBXFileReference; fileEncoding = 4; lastKnownFileType = sourcecode.c.h; path = FacebookActivity.h; sourceTree = "<group>"; };
		A4A6557318F156DD00F1C968 /* FacebookActivity.m */ = {isa = PBXFileReference; fileEncoding = 4; lastKnownFileType = sourcecode.c.objc; path = FacebookActivity.m; sourceTree = "<group>"; };
		A4A6557718F156F700F1C968 /* Social.framework */ = {isa = PBXFileReference; lastKnownFileType = wrapper.framework; name = Social.framework; path = System/Library/Frameworks/Social.framework; sourceTree = SDKROOT; };
		A4A6557918F1575C00F1C968 /* FacebookSDK.framework */ = {isa = PBXFileReference; lastKnownFileType = wrapper.framework; name = FacebookSDK.framework; path = TerrificMath/FacebookSDK.framework; sourceTree = "<group>"; };
		A4A6558218F15FC200F1C968 /* GameKitHelper.h */ = {isa = PBXFileReference; fileEncoding = 4; lastKnownFileType = sourcecode.c.h; path = GameKitHelper.h; sourceTree = "<group>"; };
		A4A6558318F15FC300F1C968 /* GameKitHelper.m */ = {isa = PBXFileReference; fileEncoding = 4; lastKnownFileType = sourcecode.c.objc; path = GameKitHelper.m; sourceTree = "<group>"; };
		A4A6558518F1633B00F1C968 /* TerrificMath.entitlements */ = {isa = PBXFileReference; lastKnownFileType = text.xml; path = TerrificMath.entitlements; sourceTree = "<group>"; };
		A4A6558618F1634800F1C968 /* GameKit.framework */ = {isa = PBXFileReference; lastKnownFileType = wrapper.framework; name = GameKit.framework; path = System/Library/Frameworks/GameKit.framework; sourceTree = SDKROOT; };
/* End PBXFileReference section */

/* Begin PBXFrameworksBuildPhase section */
		374ED43C18EFF8C900D3FE6B /* Frameworks */ = {
			isa = PBXFrameworksBuildPhase;
			buildActionMask = 2147483647;
			files = (
				A4A6557A18F1575C00F1C968 /* FacebookSDK.framework in Frameworks */,
				A4A6557818F156F700F1C968 /* Social.framework in Frameworks */,
				374ED44518EFF8C900D3FE6B /* CoreGraphics.framework in Frameworks */,
				A4A6558718F1634800F1C968 /* GameKit.framework in Frameworks */,
				374ED44718EFF8C900D3FE6B /* UIKit.framework in Frameworks */,
				374ED44318EFF8C900D3FE6B /* Foundation.framework in Frameworks */,
			);
			runOnlyForDeploymentPostprocessing = 0;
		};
		374ED45718EFF8C900D3FE6B /* Frameworks */ = {
			isa = PBXFrameworksBuildPhase;
			buildActionMask = 2147483647;
			files = (
				374ED45C18EFF8C900D3FE6B /* XCTest.framework in Frameworks */,
				374ED45E18EFF8C900D3FE6B /* UIKit.framework in Frameworks */,
				374ED45D18EFF8C900D3FE6B /* Foundation.framework in Frameworks */,
			);
			runOnlyForDeploymentPostprocessing = 0;
		};
/* End PBXFrameworksBuildPhase section */

/* Begin PBXGroup section */
		374ED43618EFF8C900D3FE6B = {
			isa = PBXGroup;
			children = (
				374ED44818EFF8C900D3FE6B /* TerrificMath */,
				374ED46118EFF8C900D3FE6B /* TerrificMathTests */,
				374ED44118EFF8C900D3FE6B /* Frameworks */,
				374ED44018EFF8C900D3FE6B /* Products */,
			);
			sourceTree = "<group>";
		};
		374ED44018EFF8C900D3FE6B /* Products */ = {
			isa = PBXGroup;
			children = (
				374ED43F18EFF8C900D3FE6B /* TerrificMath.app */,
				374ED45A18EFF8C900D3FE6B /* TerrificMathTests.xctest */,
			);
			name = Products;
			sourceTree = "<group>";
		};
		374ED44118EFF8C900D3FE6B /* Frameworks */ = {
			isa = PBXGroup;
			children = (
				A4A6558618F1634800F1C968 /* GameKit.framework */,
				A4A6557918F1575C00F1C968 /* FacebookSDK.framework */,
				A4A6557718F156F700F1C968 /* Social.framework */,
				374ED44218EFF8C900D3FE6B /* Foundation.framework */,
				374ED44418EFF8C900D3FE6B /* CoreGraphics.framework */,
				374ED44618EFF8C900D3FE6B /* UIKit.framework */,
				374ED45B18EFF8C900D3FE6B /* XCTest.framework */,
			);
			name = Frameworks;
			sourceTree = "<group>";
		};
		374ED44818EFF8C900D3FE6B /* TerrificMath */ = {
			isa = PBXGroup;
			children = (
				A4A6558518F1633B00F1C968 /* TerrificMath.entitlements */,
				374ED47118EFFD1C00D3FE6B /* Classes */,
				374ED45118EFF8C900D3FE6B /* AppDelegate.h */,
				374ED45218EFF8C900D3FE6B /* AppDelegate.m */,
				374ED45418EFF8C900D3FE6B /* Images.xcassets */,
				374ED44918EFF8C900D3FE6B /* Supporting Files */,
			);
			path = TerrificMath;
			sourceTree = "<group>";
		};
		374ED44918EFF8C900D3FE6B /* Supporting Files */ = {
			isa = PBXGroup;
			children = (
				374ED44A18EFF8C900D3FE6B /* TerrificMath-Info.plist */,
				374ED44B18EFF8C900D3FE6B /* InfoPlist.strings */,
				374ED44E18EFF8C900D3FE6B /* main.m */,
				374ED45018EFF8C900D3FE6B /* TerrificMath-Prefix.pch */,
			);
			name = "Supporting Files";
			sourceTree = "<group>";
		};
		374ED46118EFF8C900D3FE6B /* TerrificMathTests */ = {
			isa = PBXGroup;
			children = (
				374ED46718EFF8C900D3FE6B /* TerrificMathTests.m */,
				374ED46218EFF8C900D3FE6B /* Supporting Files */,
			);
			path = TerrificMathTests;
			sourceTree = "<group>";
		};
		374ED46218EFF8C900D3FE6B /* Supporting Files */ = {
			isa = PBXGroup;
			children = (
				374ED46318EFF8C900D3FE6B /* TerrificMathTests-Info.plist */,
				374ED46418EFF8C900D3FE6B /* InfoPlist.strings */,
			);
			name = "Supporting Files";
			sourceTree = "<group>";
		};
		374ED47118EFFD1C00D3FE6B /* Classes */ = {
			isa = PBXGroup;
			children = (
				A4A6556A18F156DD00F1C968 /* Common */,
				374ED47218EFFD1C00D3FE6B /* Models */,
				374ED47318EFFD1C00D3FE6B /* ViewControllers */,
			);
			path = Classes;
			sourceTree = "<group>";
		};
		374ED47218EFFD1C00D3FE6B /* Models */ = {
			isa = PBXGroup;
			children = (
			);
			path = Models;
			sourceTree = "<group>";
		};
		374ED47318EFFD1C00D3FE6B /* ViewControllers */ = {
			isa = PBXGroup;
			children = (
				374ED47418EFFD1C00D3FE6B /* MenuViewController */,
				374ED47518EFFD1C00D3FE6B /* PlayViewController */,
			);
			path = ViewControllers;
			sourceTree = "<group>";
		};
		374ED47418EFFD1C00D3FE6B /* MenuViewController */ = {
			isa = PBXGroup;
			children = (
				374ED47618EFFD6400D3FE6B /* MenuViewController.h */,
				374ED47718EFFD6400D3FE6B /* MenuViewController.m */,
				374ED47818EFFD6400D3FE6B /* MenuViewController.xib */,
			);
			path = MenuViewController;
			sourceTree = "<group>";
		};
		374ED47518EFFD1C00D3FE6B /* PlayViewController */ = {
			isa = PBXGroup;
			children = (
				374ED47B18F002E300D3FE6B /* PlayViewController.h */,
				374ED47C18F002E300D3FE6B /* PlayViewController.m */,
				374ED47D18F002E300D3FE6B /* PlayViewController.xib */,
			);
			path = PlayViewController;
			sourceTree = "<group>";
		};
		A4A6556A18F156DD00F1C968 /* Common */ = {
			isa = PBXGroup;
			children = (
				A4A6558118F15EC600F1C968 /* GameKitHelper */,
				A4A6556B18F156DD00F1C968 /* ApActivityData */,
				A4A6556E18F156DD00F1C968 /* Common.h */,
				A4A6557118F156DD00F1C968 /* FacebookActivity */,
			);
			path = Common;
			sourceTree = "<group>";
		};
		A4A6556B18F156DD00F1C968 /* ApActivityData */ = {
			isa = PBXGroup;
			children = (
				A4A6556C18F156DD00F1C968 /* ApActivityData.h */,
				A4A6556D18F156DD00F1C968 /* ApActivityData.m */,
			);
			path = ApActivityData;
			sourceTree = "<group>";
		};
		A4A6557118F156DD00F1C968 /* FacebookActivity */ = {
			isa = PBXGroup;
			children = (
				A4A6557218F156DD00F1C968 /* FacebookActivity.h */,
				A4A6557318F156DD00F1C968 /* FacebookActivity.m */,
			);
			path = FacebookActivity;
			sourceTree = "<group>";
		};
		A4A6558118F15EC600F1C968 /* GameKitHelper */ = {
			isa = PBXGroup;
			children = (
				A4A6558218F15FC200F1C968 /* GameKitHelper.h */,
				A4A6558318F15FC300F1C968 /* GameKitHelper.m */,
			);
			path = GameKitHelper;
			sourceTree = "<group>";
		};
/* End PBXGroup section */

/* Begin PBXNativeTarget section */
		374ED43E18EFF8C900D3FE6B /* TerrificMath */ = {
			isa = PBXNativeTarget;
			buildConfigurationList = 374ED46B18EFF8C900D3FE6B /* Build configuration list for PBXNativeTarget "TerrificMath" */;
			buildPhases = (
				374ED43B18EFF8C900D3FE6B /* Sources */,
				374ED43C18EFF8C900D3FE6B /* Frameworks */,
				374ED43D18EFF8C900D3FE6B /* Resources */,
			);
			buildRules = (
			);
			dependencies = (
			);
			name = TerrificMath;
			productName = TerrificMath;
			productReference = 374ED43F18EFF8C900D3FE6B /* TerrificMath.app */;
			productType = "com.apple.product-type.application";
		};
		374ED45918EFF8C900D3FE6B /* TerrificMathTests */ = {
			isa = PBXNativeTarget;
			buildConfigurationList = 374ED46E18EFF8C900D3FE6B /* Build configuration list for PBXNativeTarget "TerrificMathTests" */;
			buildPhases = (
				374ED45618EFF8C900D3FE6B /* Sources */,
				374ED45718EFF8C900D3FE6B /* Frameworks */,
				374ED45818EFF8C900D3FE6B /* Resources */,
			);
			buildRules = (
			);
			dependencies = (
				374ED46018EFF8C900D3FE6B /* PBXTargetDependency */,
			);
			name = TerrificMathTests;
			productName = TerrificMathTests;
			productReference = 374ED45A18EFF8C900D3FE6B /* TerrificMathTests.xctest */;
			productType = "com.apple.product-type.bundle.unit-test";
		};
/* End PBXNativeTarget section */

/* Begin PBXProject section */
		374ED43718EFF8C900D3FE6B /* Project object */ = {
			isa = PBXProject;
			attributes = {
				LastUpgradeCheck = 0510;
				ORGANIZATIONNAME = hoang;
				TargetAttributes = {
					374ED43E18EFF8C900D3FE6B = {
						DevelopmentTeam = TMD3Y97MSH;
						SystemCapabilities = {
							com.apple.GameCenter = {
								enabled = 1;
							};
							com.apple.iCloud = {
								enabled = 0;
							};
						};
					};
					374ED45918EFF8C900D3FE6B = {
						TestTargetID = 374ED43E18EFF8C900D3FE6B;
					};
				};
			};
			buildConfigurationList = 374ED43A18EFF8C900D3FE6B /* Build configuration list for PBXProject "TerrificMath" */;
			compatibilityVersion = "Xcode 3.2";
			developmentRegion = English;
			hasScannedForEncodings = 0;
			knownRegions = (
				en,
			);
			mainGroup = 374ED43618EFF8C900D3FE6B;
			productRefGroup = 374ED44018EFF8C900D3FE6B /* Products */;
			projectDirPath = "";
			projectRoot = "";
			targets = (
				374ED43E18EFF8C900D3FE6B /* TerrificMath */,
				374ED45918EFF8C900D3FE6B /* TerrificMathTests */,
			);
		};
/* End PBXProject section */

/* Begin PBXResourcesBuildPhase section */
		374ED43D18EFF8C900D3FE6B /* Resources */ = {
			isa = PBXResourcesBuildPhase;
			buildActionMask = 2147483647;
			files = (
				374ED47F18F002E300D3FE6B /* PlayViewController.xib in Resources */,
				374ED44D18EFF8C900D3FE6B /* InfoPlist.strings in Resources */,
				374ED47A18EFFD6400D3FE6B /* MenuViewController.xib in Resources */,
				374ED45518EFF8C900D3FE6B /* Images.xcassets in Resources */,
			);
			runOnlyForDeploymentPostprocessing = 0;
		};
		374ED45818EFF8C900D3FE6B /* Resources */ = {
			isa = PBXResourcesBuildPhase;
			buildActionMask = 2147483647;
			files = (
				374ED46618EFF8C900D3FE6B /* InfoPlist.strings in Resources */,
			);
			runOnlyForDeploymentPostprocessing = 0;
		};
/* End PBXResourcesBuildPhase section */

/* Begin PBXSourcesBuildPhase section */
		374ED43B18EFF8C900D3FE6B /* Sources */ = {
			isa = PBXSourcesBuildPhase;
			buildActionMask = 2147483647;
			files = (
				374ED47E18F002E300D3FE6B /* PlayViewController.m in Sources */,
				A4A6557618F156DD00F1C968 /* FacebookActivity.m in Sources */,
				A4A6557418F156DD00F1C968 /* ApActivityData.m in Sources */,
				A4A6558418F15FC300F1C968 /* GameKitHelper.m in Sources */,
				374ED45318EFF8C900D3FE6B /* AppDelegate.m in Sources */,
				374ED47918EFFD6400D3FE6B /* MenuViewController.m in Sources */,
				374ED44F18EFF8C900D3FE6B /* main.m in Sources */,
			);
			runOnlyForDeploymentPostprocessing = 0;
		};
		374ED45618EFF8C900D3FE6B /* Sources */ = {
			isa = PBXSourcesBuildPhase;
			buildActionMask = 2147483647;
			files = (
				374ED46818EFF8C900D3FE6B /* TerrificMathTests.m in Sources */,
			);
			runOnlyForDeploymentPostprocessing = 0;
		};
/* End PBXSourcesBuildPhase section */

/* Begin PBXTargetDependency section */
		374ED46018EFF8C900D3FE6B /* PBXTargetDependency */ = {
			isa = PBXTargetDependency;
			target = 374ED43E18EFF8C900D3FE6B /* TerrificMath */;
			targetProxy = 374ED45F18EFF8C900D3FE6B /* PBXContainerItemProxy */;
		};
/* End PBXTargetDependency section */

/* Begin PBXVariantGroup section */
		374ED44B18EFF8C900D3FE6B /* InfoPlist.strings */ = {
			isa = PBXVariantGroup;
			children = (
				374ED44C18EFF8C900D3FE6B /* en */,
			);
			name = InfoPlist.strings;
			sourceTree = "<group>";
		};
		374ED46418EFF8C900D3FE6B /* InfoPlist.strings */ = {
			isa = PBXVariantGroup;
			children = (
				374ED46518EFF8C900D3FE6B /* en */,
			);
			name = InfoPlist.strings;
			sourceTree = "<group>";
		};
/* End PBXVariantGroup section */

/* Begin XCBuildConfiguration section */
		374ED46918EFF8C900D3FE6B /* Debug */ = {
			isa = XCBuildConfiguration;
			buildSettings = {
				ALWAYS_SEARCH_USER_PATHS = NO;
				CLANG_CXX_LANGUAGE_STANDARD = "gnu++0x";
				CLANG_CXX_LIBRARY = "libc++";
				CLANG_ENABLE_MODULES = YES;
				CLANG_ENABLE_OBJC_ARC = YES;
				CLANG_WARN_BOOL_CONVERSION = YES;
				CLANG_WARN_CONSTANT_CONVERSION = YES;
				CLANG_WARN_DIRECT_OBJC_ISA_USAGE = YES_ERROR;
				CLANG_WARN_EMPTY_BODY = YES;
				CLANG_WARN_ENUM_CONVERSION = YES;
				CLANG_WARN_INT_CONVERSION = YES;
				CLANG_WARN_OBJC_ROOT_CLASS = YES_ERROR;
				CLANG_WARN__DUPLICATE_METHOD_MATCH = YES;
				"CODE_SIGN_IDENTITY[sdk=iphoneos*]" = "iPhone Developer";
				COPY_PHASE_STRIP = NO;
				GCC_C_LANGUAGE_STANDARD = gnu99;
				GCC_DYNAMIC_NO_PIC = NO;
				GCC_OPTIMIZATION_LEVEL = 0;
				GCC_PREPROCESSOR_DEFINITIONS = (
					"DEBUG=1",
					"$(inherited)",
				);
				GCC_SYMBOLS_PRIVATE_EXTERN = NO;
				GCC_WARN_64_TO_32_BIT_CONVERSION = YES;
				GCC_WARN_ABOUT_RETURN_TYPE = YES_ERROR;
				GCC_WARN_UNDECLARED_SELECTOR = YES;
				GCC_WARN_UNINITIALIZED_AUTOS = YES_AGGRESSIVE;
				GCC_WARN_UNUSED_FUNCTION = YES;
				GCC_WARN_UNUSED_VARIABLE = YES;
				IPHONEOS_DEPLOYMENT_TARGET = 7.1;
				ONLY_ACTIVE_ARCH = YES;
				SDKROOT = iphoneos;
			};
			name = Debug;
		};
		374ED46A18EFF8C900D3FE6B /* Release */ = {
			isa = XCBuildConfiguration;
			buildSettings = {
				ALWAYS_SEARCH_USER_PATHS = NO;
				CLANG_CXX_LANGUAGE_STANDARD = "gnu++0x";
				CLANG_CXX_LIBRARY = "libc++";
				CLANG_ENABLE_MODULES = YES;
				CLANG_ENABLE_OBJC_ARC = YES;
				CLANG_WARN_BOOL_CONVERSION = YES;
				CLANG_WARN_CONSTANT_CONVERSION = YES;
				CLANG_WARN_DIRECT_OBJC_ISA_USAGE = YES_ERROR;
				CLANG_WARN_EMPTY_BODY = YES;
				CLANG_WARN_ENUM_CONVERSION = YES;
				CLANG_WARN_INT_CONVERSION = YES;
				CLANG_WARN_OBJC_ROOT_CLASS = YES_ERROR;
				CLANG_WARN__DUPLICATE_METHOD_MATCH = YES;
				"CODE_SIGN_IDENTITY[sdk=iphoneos*]" = "iPhone Developer";
				COPY_PHASE_STRIP = YES;
				ENABLE_NS_ASSERTIONS = NO;
				GCC_C_LANGUAGE_STANDARD = gnu99;
				GCC_WARN_64_TO_32_BIT_CONVERSION = YES;
				GCC_WARN_ABOUT_RETURN_TYPE = YES_ERROR;
				GCC_WARN_UNDECLARED_SELECTOR = YES;
				GCC_WARN_UNINITIALIZED_AUTOS = YES_AGGRESSIVE;
				GCC_WARN_UNUSED_FUNCTION = YES;
				GCC_WARN_UNUSED_VARIABLE = YES;
				IPHONEOS_DEPLOYMENT_TARGET = 7.1;
				SDKROOT = iphoneos;
				VALIDATE_PRODUCT = YES;
			};
			name = Release;
		};
		374ED46C18EFF8C900D3FE6B /* Debug */ = {
			isa = XCBuildConfiguration;
			buildSettings = {
				ASSETCATALOG_COMPILER_APPICON_NAME = AppIcon;
				ASSETCATALOG_COMPILER_LAUNCHIMAGE_NAME = LaunchImage;
				CODE_SIGN_IDENTITY = "iPhone Developer";
				"CODE_SIGN_IDENTITY[sdk=iphoneos*]" = "iPhone Developer";
				FRAMEWORK_SEARCH_PATHS = (
					"$(inherited)",
					"$(PROJECT_DIR)/TerrificMath",
				);
				GCC_PRECOMPILE_PREFIX_HEADER = YES;
				GCC_PREFIX_HEADER = "TerrificMath/TerrificMath-Prefix.pch";
				INFOPLIST_FILE = "TerrificMath/TerrificMath-Info.plist";
				IPHONEOS_DEPLOYMENT_TARGET = 6.0;
				PRODUCT_NAME = "$(TARGET_NAME)";
				PROVISIONING_PROFILE = "";
				WRAPPER_EXTENSION = app;
			};
			name = Debug;
		};
		374ED46D18EFF8C900D3FE6B /* Release */ = {
			isa = XCBuildConfiguration;
			buildSettings = {
				ASSETCATALOG_COMPILER_APPICON_NAME = AppIcon;
				ASSETCATALOG_COMPILER_LAUNCHIMAGE_NAME = LaunchImage;
				CODE_SIGN_IDENTITY = "iPhone Developer";
				"CODE_SIGN_IDENTITY[sdk=iphoneos*]" = "iPhone Developer";
				FRAMEWORK_SEARCH_PATHS = (
					"$(inherited)",
					"$(PROJECT_DIR)/TerrificMath",
				);
				GCC_PRECOMPILE_PREFIX_HEADER = YES;
				GCC_PREFIX_HEADER = "TerrificMath/TerrificMath-Prefix.pch";
				INFOPLIST_FILE = "TerrificMath/TerrificMath-Info.plist";
				IPHONEOS_DEPLOYMENT_TARGET = 6.0;
				PRODUCT_NAME = "$(TARGET_NAME)";
				PROVISIONING_PROFILE = "";
				WRAPPER_EXTENSION = app;
			};
			name = Release;
		};
		374ED46F18EFF8C900D3FE6B /* Debug */ = {
			isa = XCBuildConfiguration;
			buildSettings = {
				BUNDLE_LOADER = "$(BUILT_PRODUCTS_DIR)/TerrificMath.app/TerrificMath";
				FRAMEWORK_SEARCH_PATHS = (
					"$(SDKROOT)/Developer/Library/Frameworks",
					"$(inherited)",
					"$(DEVELOPER_FRAMEWORKS_DIR)",
				);
				GCC_PRECOMPILE_PREFIX_HEADER = YES;
				GCC_PREFIX_HEADER = "TerrificMath/TerrificMath-Prefix.pch";
				GCC_PREPROCESSOR_DEFINITIONS = (
					"DEBUG=1",
					"$(inherited)",
				);
				INFOPLIST_FILE = "TerrificMathTests/TerrificMathTests-Info.plist";
				PRODUCT_NAME = "$(TARGET_NAME)";
				TEST_HOST = "$(BUNDLE_LOADER)";
				WRAPPER_EXTENSION = xctest;
			};
			name = Debug;
		};
		374ED47018EFF8C900D3FE6B /* Release */ = {
			isa = XCBuildConfiguration;
			buildSettings = {
				BUNDLE_LOADER = "$(BUILT_PRODUCTS_DIR)/TerrificMath.app/TerrificMath";
				FRAMEWORK_SEARCH_PATHS = (
					"$(SDKROOT)/Developer/Library/Frameworks",
					"$(inherited)",
					"$(DEVELOPER_FRAMEWORKS_DIR)",
				);
				GCC_PRECOMPILE_PREFIX_HEADER = YES;
				GCC_PREFIX_HEADER = "TerrificMath/TerrificMath-Prefix.pch";
				INFOPLIST_FILE = "TerrificMathTests/TerrificMathTests-Info.plist";
				PRODUCT_NAME = "$(TARGET_NAME)";
				TEST_HOST = "$(BUNDLE_LOADER)";
				WRAPPER_EXTENSION = xctest;
			};
			name = Release;
		};
/* End XCBuildConfiguration section */

/* Begin XCConfigurationList section */
		374ED43A18EFF8C900D3FE6B /* Build configuration list for PBXProject "TerrificMath" */ = {
			isa = XCConfigurationList;
			buildConfigurations = (
				374ED46918EFF8C900D3FE6B /* Debug */,
				374ED46A18EFF8C900D3FE6B /* Release */,
			);
			defaultConfigurationIsVisible = 0;
			defaultConfigurationName = Release;
		};
		374ED46B18EFF8C900D3FE6B /* Build configuration list for PBXNativeTarget "TerrificMath" */ = {
			isa = XCConfigurationList;
			buildConfigurations = (
				374ED46C18EFF8C900D3FE6B /* Debug */,
				374ED46D18EFF8C900D3FE6B /* Release */,
			);
			defaultConfigurationIsVisible = 0;
			defaultConfigurationName = Release;
		};
		374ED46E18EFF8C900D3FE6B /* Build configuration list for PBXNativeTarget "TerrificMathTests" */ = {
			isa = XCConfigurationList;
			buildConfigurations = (
				374ED46F18EFF8C900D3FE6B /* Debug */,
				374ED47018EFF8C900D3FE6B /* Release */,
			);
			defaultConfigurationIsVisible = 0;
			defaultConfigurationName = Release;
		};
/* End XCConfigurationList section */
	};
	rootObject = 374ED43718EFF8C900D3FE6B /* Project object */;
}
